
Microsoft Visual Studio Solution File, Format Version 12.00
# Visual Studio Version 17
VisualStudioVersion = 17.9.34728.123
MinimumVisualStudioVersion = 10.0.40219.1
Project("{9A19103F-16F7-4668-BE54-9A1E7A4F7556}") = "MyGarage", "MyGarage\MyGarage.csproj", "{B12CFA50-6317-4D7B-A488-A100C383FEB3}"
EndProject
Global
	GlobalSection(SolutionConfigurationPlatforms) = preSolution
		Debug|Any CPU = Debug|Any CPU
		Release|Any CPU = Release|Any CPU
	EndGlobalSection
	GlobalSection(ProjectConfigurationPlatforms) = postSolution
		{B12CFA50-6317-4D7B-A488-A100C383FEB3}.Debug|Any CPU.ActiveCfg = Debug|Any CPU
		{B12CFA50-6317-4D7B-A488-A100C383FEB3}.Debug|Any CPU.Build.0 = Debug|Any CPU
		{B12CFA50-6317-4D7B-A488-A100C383FEB3}.Debug|Any CPU.Deploy.0 = Debug|Any CPU
		{B12CFA50-6317-4D7B-A488-A100C383FEB3}.Release|Any CPU.ActiveCfg = Release|Any CPU
		{B12CFA50-6317-4D7B-A488-A100C383FEB3}.Release|Any CPU.Build.0 = Release|Any CPU
		{B12CFA50-6317-4D7B-A488-A100C383FEB3}.Release|Any CPU.Deploy.0 = Release|Any CPU
	EndGlobalSection
	GlobalSection(SolutionProperties) = preSolution
		HideSolutionNode = FALSE
	EndGlobalSection
	GlobalSection(ExtensibilityGlobals) = postSolution
		SolutionGuid = {6B2EC86D-C193-4ABC-93BB-0A19C994D074}
	EndGlobalSection
EndGlobal
